
Microsoft Visual Studio Solution File, Format Version 12.00
# Visual Studio 2012
Project("{FAE04EC0-301F-11D3-BF4B-00C04F79EFBC}") = "MyWpfCommon", "MyWpfCommon\MyWpfCommon.csproj", "{C9A74BDC-0E51-4AF7-8522-AD6617EE0CCF}"
EndProject
Project("{FAE04EC0-301F-11D3-BF4B-00C04F79EFBC}") = "ModernUIApp1", "ModernUIApp1\ModernUIApp1.csproj", "{B0DC0DCD-3042-4359-A0E7-70A382CF894A}"
EndProject
Global
	GlobalSection(SolutionConfigurationPlatforms) = preSolution
		Debug|Any CPU = Debug|Any CPU
		Release|Any CPU = Release|Any CPU
	EndGlobalSection
	GlobalSection(ProjectConfigurationPlatforms) = postSolution
		{C9A74BDC-0E51-4AF7-8522-AD6617EE0CCF}.Debug|Any CPU.ActiveCfg = Debug|Any CPU
		{C9A74BDC-0E51-4AF7-8522-AD6617EE0CCF}.Debug|Any CPU.Build.0 = Debug|Any CPU
		{C9A74BDC-0E51-4AF7-8522-AD6617EE0CCF}.Release|Any CPU.ActiveCfg = Release|Any CPU
		{C9A74BDC-0E51-4AF7-8522-AD6617EE0CCF}.Release|Any CPU.Build.0 = Release|Any CPU
		{B0DC0DCD-3042-4359-A0E7-70A382CF894A}.Debug|Any CPU.ActiveCfg = Debug|Any CPU
		{B0DC0DCD-3042-4359-A0E7-70A382CF894A}.Debug|Any CPU.Build.0 = Debug|Any CPU
		{B0DC0DCD-3042-4359-A0E7-70A382CF894A}.Release|Any CPU.ActiveCfg = Release|Any CPU
		{B0DC0DCD-3042-4359-A0E7-70A382CF894A}.Release|Any CPU.Build.0 = Release|Any CPU
	EndGlobalSection
	GlobalSection(SolutionProperties) = preSolution
		HideSolutionNode = FALSE
	EndGlobalSection
	GlobalSection(SubversionScc) = preSolution
		Svn-Managed = True
		Manager = AnkhSVN - Subversion Support for Visual Studio
	EndGlobalSection
EndGlobal
